// !$*UTF8*$!
{
	archiveVersion = 1;
	classes = {
	};
	objectVersion = 56;
	objects = {

/* Begin PBXBuildFile section */
		0B8C99E62C3E44020030C6A2 /* Palette.swift in Sources */ = {isa = PBXBuildFile; fileRef = 0B8C99E52C3E44020030C6A2 /* Palette.swift */; };
		0B8C99E82C3E445C0030C6A2 /* DartTargetPalette.swift in Sources */ = {isa = PBXBuildFile; fileRef = 0B8C99E72C3E445C0030C6A2 /* DartTargetPalette.swift */; };
		0B8C99EA2C3E448C0030C6A2 /* DartImageName.swift in Sources */ = {isa = PBXBuildFile; fileRef = 0B8C99E92C3E448C0030C6A2 /* DartImageName.swift */; };
		0B9F4DEB2C3D815600EB0763 /* Darts_SwiftUIApp.swift in Sources */ = {isa = PBXBuildFile; fileRef = 0B9F4DEA2C3D815600EB0763 /* Darts_SwiftUIApp.swift */; };
		0B9F4DED2C3D815600EB0763 /* ContentTabView.swift in Sources */ = {isa = PBXBuildFile; fileRef = 0B9F4DEC2C3D815600EB0763 /* ContentTabView.swift */; };
		0B9F4DEF2C3D815700EB0763 /* Assets.xcassets in Resources */ = {isa = PBXBuildFile; fileRef = 0B9F4DEE2C3D815700EB0763 /* Assets.xcassets */; };
		0B9F4DF22C3D815700EB0763 /* Preview Assets.xcassets in Resources */ = {isa = PBXBuildFile; fileRef = 0B9F4DF12C3D815700EB0763 /* Preview Assets.xcassets */; };
		0B9F4DFC2C3D815800EB0763 /* Darts_SwiftUITests.swift in Sources */ = {isa = PBXBuildFile; fileRef = 0B9F4DFB2C3D815800EB0763 /* Darts_SwiftUITests.swift */; };
		0B9F4E062C3D815800EB0763 /* Darts_SwiftUIUITests.swift in Sources */ = {isa = PBXBuildFile; fileRef = 0B9F4E052C3D815800EB0763 /* Darts_SwiftUIUITests.swift */; };
		0B9F4E082C3D815800EB0763 /* Darts_SwiftUIUITestsLaunchTests.swift in Sources */ = {isa = PBXBuildFile; fileRef = 0B9F4E072C3D815800EB0763 /* Darts_SwiftUIUITestsLaunchTests.swift */; };
		0B9F4E172C3D831300EB0763 /* AppConstants.swift in Sources */ = {isa = PBXBuildFile; fileRef = 0B9F4E162C3D831300EB0763 /* AppConstants.swift */; };
		0B9F4E192C3D841E00EB0763 /* DartsConstants.swift in Sources */ = {isa = PBXBuildFile; fileRef = 0B9F4E182C3D841E00EB0763 /* DartsConstants.swift */; };
		0B9F4E1B2C3D845600EB0763 /* MockData.swift in Sources */ = {isa = PBXBuildFile; fileRef = 0B9F4E1A2C3D845600EB0763 /* MockData.swift */; };
		0B9F4E232C3D852F00EB0763 /* BadGameResultSound.mp3 in Resources */ = {isa = PBXBuildFile; fileRef = 0B9F4E1D2C3D852F00EB0763 /* BadGameResultSound.mp3 */; };
		0B9F4E242C3D852F00EB0763 /* DartsTargetRotation.mp3 in Resources */ = {isa = PBXBuildFile; fileRef = 0B9F4E1E2C3D852F00EB0763 /* DartsTargetRotation.mp3 */; };
		0B9F4E252C3D852F00EB0763 /* GoodGameResultSound.mp3 in Resources */ = {isa = PBXBuildFile; fileRef = 0B9F4E1F2C3D852F00EB0763 /* GoodGameResultSound.mp3 */; };
		0B9F4E262C3D852F00EB0763 /* TimerEndSound.mp3 in Resources */ = {isa = PBXBuildFile; fileRef = 0B9F4E202C3D852F00EB0763 /* TimerEndSound.mp3 */; };
		0B9F4E272C3D852F00EB0763 /* UserTapSound.mp3 in Resources */ = {isa = PBXBuildFile; fileRef = 0B9F4E212C3D852F00EB0763 /* UserTapSound.mp3 */; };
		0B9F4E292C3D86D200EB0763 /* Sound.swift in Sources */ = {isa = PBXBuildFile; fileRef = 0B9F4E282C3D86D200EB0763 /* Sound.swift */; };
		0B9F4E2C2C3D870D00EB0763 /* SoundManager.swift in Sources */ = {isa = PBXBuildFile; fileRef = 0B9F4E2B2C3D870D00EB0763 /* SoundManager.swift */; };
		0B9F4E2E2C3D874000EB0763 /* SoundEnum.swift in Sources */ = {isa = PBXBuildFile; fileRef = 0B9F4E2D2C3D874000EB0763 /* SoundEnum.swift */; };
		0B9F4E302C3D879200EB0763 /* SetupSound.swift in Sources */ = {isa = PBXBuildFile; fileRef = 0B9F4E2F2C3D879200EB0763 /* SetupSound.swift */; };
/* End PBXBuildFile section */

/* Begin PBXContainerItemProxy section */
		0B9F4DF82C3D815800EB0763 /* PBXContainerItemProxy */ = {
			isa = PBXContainerItemProxy;
			containerPortal = 0B9F4DDF2C3D815600EB0763 /* Project object */;
			proxyType = 1;
			remoteGlobalIDString = 0B9F4DE62C3D815600EB0763;
			remoteInfo = "Darts SwiftUI";
		};
		0B9F4E022C3D815800EB0763 /* PBXContainerItemProxy */ = {
			isa = PBXContainerItemProxy;
			containerPortal = 0B9F4DDF2C3D815600EB0763 /* Project object */;
			proxyType = 1;
			remoteGlobalIDString = 0B9F4DE62C3D815600EB0763;
			remoteInfo = "Darts SwiftUI";
		};
/* End PBXContainerItemProxy section */

/* Begin PBXFileReference section */
		0B8C99E52C3E44020030C6A2 /* Palette.swift */ = {isa = PBXFileReference; lastKnownFileType = sourcecode.swift; path = Palette.swift; sourceTree = "<group>"; };
		0B8C99E72C3E445C0030C6A2 /* DartTargetPalette.swift */ = {isa = PBXFileReference; lastKnownFileType = sourcecode.swift; path = DartTargetPalette.swift; sourceTree = "<group>"; };
		0B8C99E92C3E448C0030C6A2 /* DartImageName.swift */ = {isa = PBXFileReference; lastKnownFileType = sourcecode.swift; path = DartImageName.swift; sourceTree = "<group>"; };
		0B9F4DE72C3D815600EB0763 /* Darts SwiftUI.app */ = {isa = PBXFileReference; explicitFileType = wrapper.application; includeInIndex = 0; path = "Darts SwiftUI.app"; sourceTree = BUILT_PRODUCTS_DIR; };
		0B9F4DEA2C3D815600EB0763 /* Darts_SwiftUIApp.swift */ = {isa = PBXFileReference; lastKnownFileType = sourcecode.swift; path = Darts_SwiftUIApp.swift; sourceTree = "<group>"; };
		0B9F4DEC2C3D815600EB0763 /* ContentTabView.swift */ = {isa = PBXFileReference; lastKnownFileType = sourcecode.swift; path = ContentTabView.swift; sourceTree = "<group>"; };
		0B9F4DEE2C3D815700EB0763 /* Assets.xcassets */ = {isa = PBXFileReference; lastKnownFileType = folder.assetcatalog; path = Assets.xcassets; sourceTree = "<group>"; };
		0B9F4DF12C3D815700EB0763 /* Preview Assets.xcassets */ = {isa = PBXFileReference; lastKnownFileType = folder.assetcatalog; path = "Preview Assets.xcassets"; sourceTree = "<group>"; };
		0B9F4DF72C3D815800EB0763 /* Darts SwiftUITests.xctest */ = {isa = PBXFileReference; explicitFileType = wrapper.cfbundle; includeInIndex = 0; path = "Darts SwiftUITests.xctest"; sourceTree = BUILT_PRODUCTS_DIR; };
		0B9F4DFB2C3D815800EB0763 /* Darts_SwiftUITests.swift */ = {isa = PBXFileReference; lastKnownFileType = sourcecode.swift; path = Darts_SwiftUITests.swift; sourceTree = "<group>"; };
		0B9F4E012C3D815800EB0763 /* Darts SwiftUIUITests.xctest */ = {isa = PBXFileReference; explicitFileType = wrapper.cfbundle; includeInIndex = 0; path = "Darts SwiftUIUITests.xctest"; sourceTree = BUILT_PRODUCTS_DIR; };
		0B9F4E052C3D815800EB0763 /* Darts_SwiftUIUITests.swift */ = {isa = PBXFileReference; lastKnownFileType = sourcecode.swift; path = Darts_SwiftUIUITests.swift; sourceTree = "<group>"; };
		0B9F4E072C3D815800EB0763 /* Darts_SwiftUIUITestsLaunchTests.swift */ = {isa = PBXFileReference; lastKnownFileType = sourcecode.swift; path = Darts_SwiftUIUITestsLaunchTests.swift; sourceTree = "<group>"; };
		0B9F4E162C3D831300EB0763 /* AppConstants.swift */ = {isa = PBXFileReference; lastKnownFileType = sourcecode.swift; path = AppConstants.swift; sourceTree = "<group>"; };
		0B9F4E182C3D841E00EB0763 /* DartsConstants.swift */ = {isa = PBXFileReference; lastKnownFileType = sourcecode.swift; path = DartsConstants.swift; sourceTree = "<group>"; };
		0B9F4E1A2C3D845600EB0763 /* MockData.swift */ = {isa = PBXFileReference; lastKnownFileType = sourcecode.swift; path = MockData.swift; sourceTree = "<group>"; };
		0B9F4E1D2C3D852F00EB0763 /* BadGameResultSound.mp3 */ = {isa = PBXFileReference; lastKnownFileType = audio.mp3; path = BadGameResultSound.mp3; sourceTree = "<group>"; };
		0B9F4E1E2C3D852F00EB0763 /* DartsTargetRotation.mp3 */ = {isa = PBXFileReference; lastKnownFileType = audio.mp3; path = DartsTargetRotation.mp3; sourceTree = "<group>"; };
		0B9F4E1F2C3D852F00EB0763 /* GoodGameResultSound.mp3 */ = {isa = PBXFileReference; lastKnownFileType = audio.mp3; path = GoodGameResultSound.mp3; sourceTree = "<group>"; };
		0B9F4E202C3D852F00EB0763 /* TimerEndSound.mp3 */ = {isa = PBXFileReference; lastKnownFileType = audio.mp3; path = TimerEndSound.mp3; sourceTree = "<group>"; };
		0B9F4E212C3D852F00EB0763 /* UserTapSound.mp3 */ = {isa = PBXFileReference; lastKnownFileType = audio.mp3; path = UserTapSound.mp3; sourceTree = "<group>"; };
		0B9F4E282C3D86D200EB0763 /* Sound.swift */ = {isa = PBXFileReference; lastKnownFileType = sourcecode.swift; path = Sound.swift; sourceTree = "<group>"; };
		0B9F4E2B2C3D870D00EB0763 /* SoundManager.swift */ = {isa = PBXFileReference; lastKnownFileType = sourcecode.swift; path = SoundManager.swift; sourceTree = "<group>"; };
		0B9F4E2D2C3D874000EB0763 /* SoundEnum.swift */ = {isa = PBXFileReference; lastKnownFileType = sourcecode.swift; path = SoundEnum.swift; sourceTree = "<group>"; };
		0B9F4E2F2C3D879200EB0763 /* SetupSound.swift */ = {isa = PBXFileReference; lastKnownFileType = sourcecode.swift; path = SetupSound.swift; sourceTree = "<group>"; };
/* End PBXFileReference section */

/* Begin PBXFrameworksBuildPhase section */
		0B9F4DE42C3D815600EB0763 /* Frameworks */ = {
			isa = PBXFrameworksBuildPhase;
			buildActionMask = 2147483647;
			files = (
			);
			runOnlyForDeploymentPostprocessing = 0;
		};
		0B9F4DF42C3D815800EB0763 /* Frameworks */ = {
			isa = PBXFrameworksBuildPhase;
			buildActionMask = 2147483647;
			files = (
			);
			runOnlyForDeploymentPostprocessing = 0;
		};
		0B9F4DFE2C3D815800EB0763 /* Frameworks */ = {
			isa = PBXFrameworksBuildPhase;
			buildActionMask = 2147483647;
			files = (
			);
			runOnlyForDeploymentPostprocessing = 0;
		};
/* End PBXFrameworksBuildPhase section */

/* Begin PBXGroup section */
		0B8C99E42C3E43B30030C6A2 /* Enum */ = {
			isa = PBXGroup;
			children = (
				0B8C99E52C3E44020030C6A2 /* Palette.swift */,
				0B8C99E72C3E445C0030C6A2 /* DartTargetPalette.swift */,
				0B8C99E92C3E448C0030C6A2 /* DartImageName.swift */,
			);
			path = Enum;
			sourceTree = "<group>";
		};
		0B9F4DDE2C3D815600EB0763 = {
			isa = PBXGroup;
			children = (
				0B9F4DE92C3D815600EB0763 /* Darts SwiftUI */,
				0B9F4DFA2C3D815800EB0763 /* Darts SwiftUITests */,
				0B9F4E042C3D815800EB0763 /* Darts SwiftUIUITests */,
				0B9F4DE82C3D815600EB0763 /* Products */,
			);
			sourceTree = "<group>";
		};
		0B9F4DE82C3D815600EB0763 /* Products */ = {
			isa = PBXGroup;
			children = (
				0B9F4DE72C3D815600EB0763 /* Darts SwiftUI.app */,
				0B9F4DF72C3D815800EB0763 /* Darts SwiftUITests.xctest */,
				0B9F4E012C3D815800EB0763 /* Darts SwiftUIUITests.xctest */,
			);
			name = Products;
			sourceTree = "<group>";
		};
		0B9F4DE92C3D815600EB0763 /* Darts SwiftUI */ = {
			isa = PBXGroup;
			children = (
				0B9F4DEA2C3D815600EB0763 /* Darts_SwiftUIApp.swift */,
				0B9F4DEC2C3D815600EB0763 /* ContentTabView.swift */,
				0B9F4E152C3D82F900EB0763 /* Constant */,
				0B9F4E1C2C3D850000EB0763 /* Sound */,
				0B9F4E2A2C3D86DC00EB0763 /* Audio Player */,
				0B8C99E42C3E43B30030C6A2 /* Enum */,
				0B9F4DEE2C3D815700EB0763 /* Assets.xcassets */,
				0B9F4DF02C3D815700EB0763 /* Preview Content */,
			);
			path = "Darts SwiftUI";
			sourceTree = "<group>";
		};
		0B9F4DF02C3D815700EB0763 /* Preview Content */ = {
			isa = PBXGroup;
			children = (
				0B9F4DF12C3D815700EB0763 /* Preview Assets.xcassets */,
			);
			path = "Preview Content";
			sourceTree = "<group>";
		};
		0B9F4DFA2C3D815800EB0763 /* Darts SwiftUITests */ = {
			isa = PBXGroup;
			children = (
				0B9F4DFB2C3D815800EB0763 /* Darts_SwiftUITests.swift */,
			);
			path = "Darts SwiftUITests";
			sourceTree = "<group>";
		};
		0B9F4E042C3D815800EB0763 /* Darts SwiftUIUITests */ = {
			isa = PBXGroup;
			children = (
				0B9F4E052C3D815800EB0763 /* Darts_SwiftUIUITests.swift */,
				0B9F4E072C3D815800EB0763 /* Darts_SwiftUIUITestsLaunchTests.swift */,
			);
			path = "Darts SwiftUIUITests";
			sourceTree = "<group>";
		};
		0B9F4E152C3D82F900EB0763 /* Constant */ = {
			isa = PBXGroup;
			children = (
				0B9F4E162C3D831300EB0763 /* AppConstants.swift */,
				0B9F4E182C3D841E00EB0763 /* DartsConstants.swift */,
				0B9F4E1A2C3D845600EB0763 /* MockData.swift */,
			);
			path = Constant;
			sourceTree = "<group>";
		};
		0B9F4E1C2C3D850000EB0763 /* Sound */ = {
			isa = PBXGroup;
			children = (
				0B9F4E1D2C3D852F00EB0763 /* BadGameResultSound.mp3 */,
				0B9F4E1F2C3D852F00EB0763 /* GoodGameResultSound.mp3 */,
				0B9F4E1E2C3D852F00EB0763 /* DartsTargetRotation.mp3 */,
				0B9F4E202C3D852F00EB0763 /* TimerEndSound.mp3 */,
				0B9F4E212C3D852F00EB0763 /* UserTapSound.mp3 */,
			);
			path = Sound;
			sourceTree = "<group>";
		};
		0B9F4E2A2C3D86DC00EB0763 /* Audio Player */ = {
			isa = PBXGroup;
			children = (
				0B9F4E282C3D86D200EB0763 /* Sound.swift */,
				0B9F4E2B2C3D870D00EB0763 /* SoundManager.swift */,
				0B9F4E2D2C3D874000EB0763 /* SoundEnum.swift */,
				0B9F4E2F2C3D879200EB0763 /* SetupSound.swift */,
			);
			path = "Audio Player";
			sourceTree = "<group>";
		};
/* End PBXGroup section */

/* Begin PBXNativeTarget section */
		0B9F4DE62C3D815600EB0763 /* Darts SwiftUI */ = {
			isa = PBXNativeTarget;
			buildConfigurationList = 0B9F4E0B2C3D815800EB0763 /* Build configuration list for PBXNativeTarget "Darts SwiftUI" */;
			buildPhases = (
				0B9F4DE32C3D815600EB0763 /* Sources */,
				0B9F4DE42C3D815600EB0763 /* Frameworks */,
				0B9F4DE52C3D815600EB0763 /* Resources */,
			);
			buildRules = (
			);
			dependencies = (
			);
			name = "Darts SwiftUI";
			productName = "Darts SwiftUI";
			productReference = 0B9F4DE72C3D815600EB0763 /* Darts SwiftUI.app */;
			productType = "com.apple.product-type.application";
		};
		0B9F4DF62C3D815800EB0763 /* Darts SwiftUITests */ = {
			isa = PBXNativeTarget;
			buildConfigurationList = 0B9F4E0E2C3D815800EB0763 /* Build configuration list for PBXNativeTarget "Darts SwiftUITests" */;
			buildPhases = (
				0B9F4DF32C3D815800EB0763 /* Sources */,
				0B9F4DF42C3D815800EB0763 /* Frameworks */,
				0B9F4DF52C3D815800EB0763 /* Resources */,
			);
			buildRules = (
			);
			dependencies = (
				0B9F4DF92C3D815800EB0763 /* PBXTargetDependency */,
			);
			name = "Darts SwiftUITests";
			productName = "Darts SwiftUITests";
			productReference = 0B9F4DF72C3D815800EB0763 /* Darts SwiftUITests.xctest */;
			productType = "com.apple.product-type.bundle.unit-test";
		};
		0B9F4E002C3D815800EB0763 /* Darts SwiftUIUITests */ = {
			isa = PBXNativeTarget;
			buildConfigurationList = 0B9F4E112C3D815800EB0763 /* Build configuration list for PBXNativeTarget "Darts SwiftUIUITests" */;
			buildPhases = (
				0B9F4DFD2C3D815800EB0763 /* Sources */,
				0B9F4DFE2C3D815800EB0763 /* Frameworks */,
				0B9F4DFF2C3D815800EB0763 /* Resources */,
			);
			buildRules = (
			);
			dependencies = (
				0B9F4E032C3D815800EB0763 /* PBXTargetDependency */,
			);
			name = "Darts SwiftUIUITests";
			productName = "Darts SwiftUIUITests";
			productReference = 0B9F4E012C3D815800EB0763 /* Darts SwiftUIUITests.xctest */;
			productType = "com.apple.product-type.bundle.ui-testing";
		};
/* End PBXNativeTarget section */

/* Begin PBXProject section */
		0B9F4DDF2C3D815600EB0763 /* Project object */ = {
			isa = PBXProject;
			attributes = {
				BuildIndependentTargetsInParallel = 1;
				LastSwiftUpdateCheck = 1540;
				LastUpgradeCheck = 1540;
				TargetAttributes = {
					0B9F4DE62C3D815600EB0763 = {
						CreatedOnToolsVersion = 15.4;
					};
					0B9F4DF62C3D815800EB0763 = {
						CreatedOnToolsVersion = 15.4;
						TestTargetID = 0B9F4DE62C3D815600EB0763;
					};
					0B9F4E002C3D815800EB0763 = {
						CreatedOnToolsVersion = 15.4;
						TestTargetID = 0B9F4DE62C3D815600EB0763;
					};
				};
			};
			buildConfigurationList = 0B9F4DE22C3D815600EB0763 /* Build configuration list for PBXProject "Darts SwiftUI" */;
			compatibilityVersion = "Xcode 14.0";
			developmentRegion = en;
			hasScannedForEncodings = 0;
			knownRegions = (
				en,
				Base,
			);
			mainGroup = 0B9F4DDE2C3D815600EB0763;
			productRefGroup = 0B9F4DE82C3D815600EB0763 /* Products */;
			projectDirPath = "";
			projectRoot = "";
			targets = (
				0B9F4DE62C3D815600EB0763 /* Darts SwiftUI */,
				0B9F4DF62C3D815800EB0763 /* Darts SwiftUITests */,
				0B9F4E002C3D815800EB0763 /* Darts SwiftUIUITests */,
			);
		};
/* End PBXProject section */

/* Begin PBXResourcesBuildPhase section */
		0B9F4DE52C3D815600EB0763 /* Resources */ = {
			isa = PBXResourcesBuildPhase;
			buildActionMask = 2147483647;
			files = (
				0B9F4E262C3D852F00EB0763 /* TimerEndSound.mp3 in Resources */,
				0B9F4DF22C3D815700EB0763 /* Preview Assets.xcassets in Resources */,
				0B9F4E232C3D852F00EB0763 /* BadGameResultSound.mp3 in Resources */,
				0B9F4E252C3D852F00EB0763 /* GoodGameResultSound.mp3 in Resources */,
				0B9F4E242C3D852F00EB0763 /* DartsTargetRotation.mp3 in Resources */,
				0B9F4E272C3D852F00EB0763 /* UserTapSound.mp3 in Resources */,
				0B9F4DEF2C3D815700EB0763 /* Assets.xcassets in Resources */,
			);
			runOnlyForDeploymentPostprocessing = 0;
		};
		0B9F4DF52C3D815800EB0763 /* Resources */ = {
			isa = PBXResourcesBuildPhase;
			buildActionMask = 2147483647;
			files = (
			);
			runOnlyForDeploymentPostprocessing = 0;
		};
		0B9F4DFF2C3D815800EB0763 /* Resources */ = {
			isa = PBXResourcesBuildPhase;
			buildActionMask = 2147483647;
			files = (
			);
			runOnlyForDeploymentPostprocessing = 0;
		};
/* End PBXResourcesBuildPhase section */

/* Begin PBXSourcesBuildPhase section */
		0B9F4DE32C3D815600EB0763 /* Sources */ = {
			isa = PBXSourcesBuildPhase;
			buildActionMask = 2147483647;
			files = (
				0B9F4E2E2C3D874000EB0763 /* SoundEnum.swift in Sources */,
				0B9F4E302C3D879200EB0763 /* SetupSound.swift in Sources */,
				0B9F4DED2C3D815600EB0763 /* ContentTabView.swift in Sources */,
				0B9F4E292C3D86D200EB0763 /* Sound.swift in Sources */,
				0B9F4E172C3D831300EB0763 /* AppConstants.swift in Sources */,
				0B8C99EA2C3E448C0030C6A2 /* DartImageName.swift in Sources */,
				0B8C99E82C3E445C0030C6A2 /* DartTargetPalette.swift in Sources */,
				0B9F4E192C3D841E00EB0763 /* DartsConstants.swift in Sources */,
				0B9F4DEB2C3D815600EB0763 /* Darts_SwiftUIApp.swift in Sources */,
				0B8C99E62C3E44020030C6A2 /* Palette.swift in Sources */,
				0B9F4E2C2C3D870D00EB0763 /* SoundManager.swift in Sources */,
				0B9F4E1B2C3D845600EB0763 /* MockData.swift in Sources */,
			);
			runOnlyForDeploymentPostprocessing = 0;
		};
		0B9F4DF32C3D815800EB0763 /* Sources */ = {
			isa = PBXSourcesBuildPhase;
			buildActionMask = 2147483647;
			files = (
				0B9F4DFC2C3D815800EB0763 /* Darts_SwiftUITests.swift in Sources */,
			);
			runOnlyForDeploymentPostprocessing = 0;
		};
		0B9F4DFD2C3D815800EB0763 /* Sources */ = {
			isa = PBXSourcesBuildPhase;
			buildActionMask = 2147483647;
			files = (
				0B9F4E062C3D815800EB0763 /* Darts_SwiftUIUITests.swift in Sources */,
				0B9F4E082C3D815800EB0763 /* Darts_SwiftUIUITestsLaunchTests.swift in Sources */,
			);
			runOnlyForDeploymentPostprocessing = 0;
		};
/* End PBXSourcesBuildPhase section */

/* Begin PBXTargetDependency section */
		0B9F4DF92C3D815800EB0763 /* PBXTargetDependency */ = {
			isa = PBXTargetDependency;
			target = 0B9F4DE62C3D815600EB0763 /* Darts SwiftUI */;
			targetProxy = 0B9F4DF82C3D815800EB0763 /* PBXContainerItemProxy */;
		};
		0B9F4E032C3D815800EB0763 /* PBXTargetDependency */ = {
			isa = PBXTargetDependency;
			target = 0B9F4DE62C3D815600EB0763 /* Darts SwiftUI */;
			targetProxy = 0B9F4E022C3D815800EB0763 /* PBXContainerItemProxy */;
		};
/* End PBXTargetDependency section */

/* Begin XCBuildConfiguration section */
		0B9F4E092C3D815800EB0763 /* Debug */ = {
			isa = XCBuildConfiguration;
			buildSettings = {
				ALWAYS_SEARCH_USER_PATHS = NO;
				ASSETCATALOG_COMPILER_GENERATE_SWIFT_ASSET_SYMBOL_EXTENSIONS = YES;
				CLANG_ANALYZER_NONNULL = YES;
				CLANG_ANALYZER_NUMBER_OBJECT_CONVERSION = YES_AGGRESSIVE;
				CLANG_CXX_LANGUAGE_STANDARD = "gnu++20";
				CLANG_ENABLE_MODULES = YES;
				CLANG_ENABLE_OBJC_ARC = YES;
				CLANG_ENABLE_OBJC_WEAK = YES;
				CLANG_WARN_BLOCK_CAPTURE_AUTORELEASING = YES;
				CLANG_WARN_BOOL_CONVERSION = YES;
				CLANG_WARN_COMMA = YES;
				CLANG_WARN_CONSTANT_CONVERSION = YES;
				CLANG_WARN_DEPRECATED_OBJC_IMPLEMENTATIONS = YES;
				CLANG_WARN_DIRECT_OBJC_ISA_USAGE = YES_ERROR;
				CLANG_WARN_DOCUMENTATION_COMMENTS = YES;
				CLANG_WARN_EMPTY_BODY = YES;
				CLANG_WARN_ENUM_CONVERSION = YES;
				CLANG_WARN_INFINITE_RECURSION = YES;
				CLANG_WARN_INT_CONVERSION = YES;
				CLANG_WARN_NON_LITERAL_NULL_CONVERSION = YES;
				CLANG_WARN_OBJC_IMPLICIT_RETAIN_SELF = YES;
				CLANG_WARN_OBJC_LITERAL_CONVERSION = YES;
				CLANG_WARN_OBJC_ROOT_CLASS = YES_ERROR;
				CLANG_WARN_QUOTED_INCLUDE_IN_FRAMEWORK_HEADER = YES;
				CLANG_WARN_RANGE_LOOP_ANALYSIS = YES;
				CLANG_WARN_STRICT_PROTOTYPES = YES;
				CLANG_WARN_SUSPICIOUS_MOVE = YES;
				CLANG_WARN_UNGUARDED_AVAILABILITY = YES_AGGRESSIVE;
				CLANG_WARN_UNREACHABLE_CODE = YES;
				CLANG_WARN__DUPLICATE_METHOD_MATCH = YES;
				COPY_PHASE_STRIP = NO;
				DEBUG_INFORMATION_FORMAT = dwarf;
				ENABLE_STRICT_OBJC_MSGSEND = YES;
				ENABLE_TESTABILITY = YES;
				ENABLE_USER_SCRIPT_SANDBOXING = YES;
				GCC_C_LANGUAGE_STANDARD = gnu17;
				GCC_DYNAMIC_NO_PIC = NO;
				GCC_NO_COMMON_BLOCKS = YES;
				GCC_OPTIMIZATION_LEVEL = 0;
				GCC_PREPROCESSOR_DEFINITIONS = (
					"DEBUG=1",
					"$(inherited)",
				);
				GCC_WARN_64_TO_32_BIT_CONVERSION = YES;
				GCC_WARN_ABOUT_RETURN_TYPE = YES_ERROR;
				GCC_WARN_UNDECLARED_SELECTOR = YES;
				GCC_WARN_UNINITIALIZED_AUTOS = YES_AGGRESSIVE;
				GCC_WARN_UNUSED_FUNCTION = YES;
				GCC_WARN_UNUSED_VARIABLE = YES;
				IPHONEOS_DEPLOYMENT_TARGET = 17.5;
				LOCALIZATION_PREFERS_STRING_CATALOGS = YES;
				MTL_ENABLE_DEBUG_INFO = INCLUDE_SOURCE;
				MTL_FAST_MATH = YES;
				ONLY_ACTIVE_ARCH = YES;
				SDKROOT = iphoneos;
				SWIFT_ACTIVE_COMPILATION_CONDITIONS = "DEBUG $(inherited)";
				SWIFT_OPTIMIZATION_LEVEL = "-Onone";
			};
			name = Debug;
		};
		0B9F4E0A2C3D815800EB0763 /* Release */ = {
			isa = XCBuildConfiguration;
			buildSettings = {
				ALWAYS_SEARCH_USER_PATHS = NO;
				ASSETCATALOG_COMPILER_GENERATE_SWIFT_ASSET_SYMBOL_EXTENSIONS = YES;
				CLANG_ANALYZER_NONNULL = YES;
				CLANG_ANALYZER_NUMBER_OBJECT_CONVERSION = YES_AGGRESSIVE;
				CLANG_CXX_LANGUAGE_STANDARD = "gnu++20";
				CLANG_ENABLE_MODULES = YES;
				CLANG_ENABLE_OBJC_ARC = YES;
				CLANG_ENABLE_OBJC_WEAK = YES;
				CLANG_WARN_BLOCK_CAPTURE_AUTORELEASING = YES;
				CLANG_WARN_BOOL_CONVERSION = YES;
				CLANG_WARN_COMMA = YES;
				CLANG_WARN_CONSTANT_CONVERSION = YES;
				CLANG_WARN_DEPRECATED_OBJC_IMPLEMENTATIONS = YES;
				CLANG_WARN_DIRECT_OBJC_ISA_USAGE = YES_ERROR;
				CLANG_WARN_DOCUMENTATION_COMMENTS = YES;
				CLANG_WARN_EMPTY_BODY = YES;
				CLANG_WARN_ENUM_CONVERSION = YES;
				CLANG_WARN_INFINITE_RECURSION = YES;
				CLANG_WARN_INT_CONVERSION = YES;
				CLANG_WARN_NON_LITERAL_NULL_CONVERSION = YES;
				CLANG_WARN_OBJC_IMPLICIT_RETAIN_SELF = YES;
				CLANG_WARN_OBJC_LITERAL_CONVERSION = YES;
				CLANG_WARN_OBJC_ROOT_CLASS = YES_ERROR;
				CLANG_WARN_QUOTED_INCLUDE_IN_FRAMEWORK_HEADER = YES;
				CLANG_WARN_RANGE_LOOP_ANALYSIS = YES;
				CLANG_WARN_STRICT_PROTOTYPES = YES;
				CLANG_WARN_SUSPICIOUS_MOVE = YES;
				CLANG_WARN_UNGUARDED_AVAILABILITY = YES_AGGRESSIVE;
				CLANG_WARN_UNREACHABLE_CODE = YES;
				CLANG_WARN__DUPLICATE_METHOD_MATCH = YES;
				COPY_PHASE_STRIP = NO;
				DEBUG_INFORMATION_FORMAT = "dwarf-with-dsym";
				ENABLE_NS_ASSERTIONS = NO;
				ENABLE_STRICT_OBJC_MSGSEND = YES;
				ENABLE_USER_SCRIPT_SANDBOXING = YES;
				GCC_C_LANGUAGE_STANDARD = gnu17;
				GCC_NO_COMMON_BLOCKS = YES;
				GCC_WARN_64_TO_32_BIT_CONVERSION = YES;
				GCC_WARN_ABOUT_RETURN_TYPE = YES_ERROR;
				GCC_WARN_UNDECLARED_SELECTOR = YES;
				GCC_WARN_UNINITIALIZED_AUTOS = YES_AGGRESSIVE;
				GCC_WARN_UNUSED_FUNCTION = YES;
				GCC_WARN_UNUSED_VARIABLE = YES;
				IPHONEOS_DEPLOYMENT_TARGET = 17.5;
				LOCALIZATION_PREFERS_STRING_CATALOGS = YES;
				MTL_ENABLE_DEBUG_INFO = NO;
				MTL_FAST_MATH = YES;
				SDKROOT = iphoneos;
				SWIFT_COMPILATION_MODE = wholemodule;
				VALIDATE_PRODUCT = YES;
			};
			name = Release;
		};
		0B9F4E0C2C3D815800EB0763 /* Debug */ = {
			isa = XCBuildConfiguration;
			buildSettings = {
				ASSETCATALOG_COMPILER_APPICON_NAME = AppIcon;
				ASSETCATALOG_COMPILER_GLOBAL_ACCENT_COLOR_NAME = AccentColor;
				CODE_SIGN_STYLE = Automatic;
				CURRENT_PROJECT_VERSION = 1;
				DEVELOPMENT_ASSET_PATHS = "\"Darts SwiftUI/Preview Content\"";
				DEVELOPMENT_TEAM = BC36S54BFF;
				ENABLE_PREVIEWS = YES;
				GENERATE_INFOPLIST_FILE = YES;
				INFOPLIST_KEY_UIApplicationSceneManifest_Generation = YES;
				INFOPLIST_KEY_UIApplicationSupportsIndirectInputEvents = YES;
				INFOPLIST_KEY_UILaunchScreen_Generation = YES;
				INFOPLIST_KEY_UISupportedInterfaceOrientations_iPad = "UIInterfaceOrientationPortrait UIInterfaceOrientationPortraitUpsideDown UIInterfaceOrientationLandscapeLeft UIInterfaceOrientationLandscapeRight";
				INFOPLIST_KEY_UISupportedInterfaceOrientations_iPhone = "UIInterfaceOrientationPortrait UIInterfaceOrientationLandscapeLeft UIInterfaceOrientationLandscapeRight";
				LD_RUNPATH_SEARCH_PATHS = (
					"$(inherited)",
					"@executable_path/Frameworks",
				);
				MARKETING_VERSION = 1.0;
				PRODUCT_BUNDLE_IDENTIFIER = "Lev-Vlasov.Darts-SwiftUI";
				PRODUCT_NAME = "$(TARGET_NAME)";
				SWIFT_EMIT_LOC_STRINGS = YES;
				SWIFT_VERSION = 5.0;
				TARGETED_DEVICE_FAMILY = "1,2";
			};
			name = Debug;
		};
		0B9F4E0D2C3D815800EB0763 /* Release */ = {
			isa = XCBuildConfiguration;
			buildSettings = {
				ASSETCATALOG_COMPILER_APPICON_NAME = AppIcon;
				ASSETCATALOG_COMPILER_GLOBAL_ACCENT_COLOR_NAME = AccentColor;
				CODE_SIGN_STYLE = Automatic;
				CURRENT_PROJECT_VERSION = 1;
				DEVELOPMENT_ASSET_PATHS = "\"Darts SwiftUI/Preview Content\"";
				DEVELOPMENT_TEAM = BC36S54BFF;
				ENABLE_PREVIEWS = YES;
				GENERATE_INFOPLIST_FILE = YES;
				INFOPLIST_KEY_UIApplicationSceneManifest_Generation = YES;
				INFOPLIST_KEY_UIApplicationSupportsIndirectInputEvents = YES;
				INFOPLIST_KEY_UILaunchScreen_Generation = YES;
				INFOPLIST_KEY_UISupportedInterfaceOrientations_iPad = "UIInterfaceOrientationPortrait UIInterfaceOrientationPortraitUpsideDown UIInterfaceOrientationLandscapeLeft UIInterfaceOrientationLandscapeRight";
				INFOPLIST_KEY_UISupportedInterfaceOrientations_iPhone = "UIInterfaceOrientationPortrait UIInterfaceOrientationLandscapeLeft UIInterfaceOrientationLandscapeRight";
				LD_RUNPATH_SEARCH_PATHS = (
					"$(inherited)",
					"@executable_path/Frameworks",
				);
				MARKETING_VERSION = 1.0;
				PRODUCT_BUNDLE_IDENTIFIER = "Lev-Vlasov.Darts-SwiftUI";
				PRODUCT_NAME = "$(TARGET_NAME)";
				SWIFT_EMIT_LOC_STRINGS = YES;
				SWIFT_VERSION = 5.0;
				TARGETED_DEVICE_FAMILY = "1,2";
			};
			name = Release;
		};
		0B9F4E0F2C3D815800EB0763 /* Debug */ = {
			isa = XCBuildConfiguration;
			buildSettings = {
				ALWAYS_EMBED_SWIFT_STANDARD_LIBRARIES = YES;
				BUNDLE_LOADER = "$(TEST_HOST)";
				CODE_SIGN_STYLE = Automatic;
				CURRENT_PROJECT_VERSION = 1;
				DEVELOPMENT_TEAM = BC36S54BFF;
				GENERATE_INFOPLIST_FILE = YES;
				IPHONEOS_DEPLOYMENT_TARGET = 17.5;
				MARKETING_VERSION = 1.0;
				PRODUCT_BUNDLE_IDENTIFIER = "Lev-Vlasov.Darts-SwiftUITests";
				PRODUCT_NAME = "$(TARGET_NAME)";
				SWIFT_EMIT_LOC_STRINGS = NO;
				SWIFT_VERSION = 5.0;
				TARGETED_DEVICE_FAMILY = "1,2";
				TEST_HOST = "$(BUILT_PRODUCTS_DIR)/Darts SwiftUI.app/$(BUNDLE_EXECUTABLE_FOLDER_PATH)/Darts SwiftUI";
			};
			name = Debug;
		};
		0B9F4E102C3D815800EB0763 /* Release */ = {
			isa = XCBuildConfiguration;
			buildSettings = {
				ALWAYS_EMBED_SWIFT_STANDARD_LIBRARIES = YES;
				BUNDLE_LOADER = "$(TEST_HOST)";
				CODE_SIGN_STYLE = Automatic;
				CURRENT_PROJECT_VERSION = 1;
				DEVELOPMENT_TEAM = BC36S54BFF;
				GENERATE_INFOPLIST_FILE = YES;
				IPHONEOS_DEPLOYMENT_TARGET = 17.5;
				MARKETING_VERSION = 1.0;
				PRODUCT_BUNDLE_IDENTIFIER = "Lev-Vlasov.Darts-SwiftUITests";
				PRODUCT_NAME = "$(TARGET_NAME)";
				SWIFT_EMIT_LOC_STRINGS = NO;
				SWIFT_VERSION = 5.0;
				TARGETED_DEVICE_FAMILY = "1,2";
				TEST_HOST = "$(BUILT_PRODUCTS_DIR)/Darts SwiftUI.app/$(BUNDLE_EXECUTABLE_FOLDER_PATH)/Darts SwiftUI";
			};
			name = Release;
		};
		0B9F4E122C3D815800EB0763 /* Debug */ = {
			isa = XCBuildConfiguration;
			buildSettings = {
				ALWAYS_EMBED_SWIFT_STANDARD_LIBRARIES = YES;
				CODE_SIGN_STYLE = Automatic;
				CURRENT_PROJECT_VERSION = 1;
				DEVELOPMENT_TEAM = BC36S54BFF;
				GENERATE_INFOPLIST_FILE = YES;
				MARKETING_VERSION = 1.0;
				PRODUCT_BUNDLE_IDENTIFIER = "Lev-Vlasov.Darts-SwiftUIUITests";
				PRODUCT_NAME = "$(TARGET_NAME)";
				SWIFT_EMIT_LOC_STRINGS = NO;
				SWIFT_VERSION = 5.0;
				TARGETED_DEVICE_FAMILY = "1,2";
				TEST_TARGET_NAME = "Darts SwiftUI";
			};
			name = Debug;
		};
		0B9F4E132C3D815800EB0763 /* Release */ = {
			isa = XCBuildConfiguration;
			buildSettings = {
				ALWAYS_EMBED_SWIFT_STANDARD_LIBRARIES = YES;
				CODE_SIGN_STYLE = Automatic;
				CURRENT_PROJECT_VERSION = 1;
				DEVELOPMENT_TEAM = BC36S54BFF;
				GENERATE_INFOPLIST_FILE = YES;
				MARKETING_VERSION = 1.0;
				PRODUCT_BUNDLE_IDENTIFIER = "Lev-Vlasov.Darts-SwiftUIUITests";
				PRODUCT_NAME = "$(TARGET_NAME)";
				SWIFT_EMIT_LOC_STRINGS = NO;
				SWIFT_VERSION = 5.0;
				TARGETED_DEVICE_FAMILY = "1,2";
				TEST_TARGET_NAME = "Darts SwiftUI";
			};
			name = Release;
		};
/* End XCBuildConfiguration section */

/* Begin XCConfigurationList section */
		0B9F4DE22C3D815600EB0763 /* Build configuration list for PBXProject "Darts SwiftUI" */ = {
			isa = XCConfigurationList;
			buildConfigurations = (
				0B9F4E092C3D815800EB0763 /* Debug */,
				0B9F4E0A2C3D815800EB0763 /* Release */,
			);
			defaultConfigurationIsVisible = 0;
			defaultConfigurationName = Release;
		};
		0B9F4E0B2C3D815800EB0763 /* Build configuration list for PBXNativeTarget "Darts SwiftUI" */ = {
			isa = XCConfigurationList;
			buildConfigurations = (
				0B9F4E0C2C3D815800EB0763 /* Debug */,
				0B9F4E0D2C3D815800EB0763 /* Release */,
			);
			defaultConfigurationIsVisible = 0;
			defaultConfigurationName = Release;
		};
		0B9F4E0E2C3D815800EB0763 /* Build configuration list for PBXNativeTarget "Darts SwiftUITests" */ = {
			isa = XCConfigurationList;
			buildConfigurations = (
				0B9F4E0F2C3D815800EB0763 /* Debug */,
				0B9F4E102C3D815800EB0763 /* Release */,
			);
			defaultConfigurationIsVisible = 0;
			defaultConfigurationName = Release;
		};
		0B9F4E112C3D815800EB0763 /* Build configuration list for PBXNativeTarget "Darts SwiftUIUITests" */ = {
			isa = XCConfigurationList;
			buildConfigurations = (
				0B9F4E122C3D815800EB0763 /* Debug */,
				0B9F4E132C3D815800EB0763 /* Release */,
			);
			defaultConfigurationIsVisible = 0;
			defaultConfigurationName = Release;
		};
/* End XCConfigurationList section */
	};
	rootObject = 0B9F4DDF2C3D815600EB0763 /* Project object */;
}
